// !$*UTF8*$!
{
	archiveVersion = 1;
	classes = {
	};
	objectVersion = 51;
	objects = {

/* Begin PBXBuildFile section */
		2D25A181231330BC00DA1F5B /* FoundryGridnikBold.otf in Resources */ = {isa = PBXBuildFile; fileRef = 2D25A17E231330BC00DA1F5B /* FoundryGridnikBold.otf */; };
		2D25A182231330BC00DA1F5B /* FoundryGridnik-Regular.otf in Resources */ = {isa = PBXBuildFile; fileRef = 2D25A17F231330BC00DA1F5B /* FoundryGridnik-Regular.otf */; };
		2D25A183231330BC00DA1F5B /* FoundryGridnikMedium.otf in Resources */ = {isa = PBXBuildFile; fileRef = 2D25A180231330BC00DA1F5B /* FoundryGridnikMedium.otf */; };
		2D25A186231459BE00DA1F5B /* ExtUILabel.swift in Sources */ = {isa = PBXBuildFile; fileRef = 2D25A185231459BE00DA1F5B /* ExtUILabel.swift */; };
		2D25A18923145DC900DA1F5B /* JLog.swift in Sources */ = {isa = PBXBuildFile; fileRef = 2D25A18823145DC900DA1F5B /* JLog.swift */; };
		2D2A19FE2312019F00D9D2E2 /* ActivityBaseVC.swift in Sources */ = {isa = PBXBuildFile; fileRef = 2D2A19FD2312019F00D9D2E2 /* ActivityBaseVC.swift */; };
		2DBEF225230F394200A10830 /* ActivityButton.swift in Sources */ = {isa = PBXBuildFile; fileRef = 2DBEF224230F394200A10830 /* ActivityButton.swift */; };
		2DBEF23A2310765B00A10830 /* ColorPalette.PNG in Resources */ = {isa = PBXBuildFile; fileRef = 2DBEF2372310765B00A10830 /* ColorPalette.PNG */; };
		2DBEF23B2310765B00A10830 /* Note.JPG in Resources */ = {isa = PBXBuildFile; fileRef = 2DBEF2382310765B00A10830 /* Note.JPG */; };
		2DBEF2402310805500A10830 /* PubSub.swift in Sources */ = {isa = PBXBuildFile; fileRef = 2DBEF23F2310805500A10830 /* PubSub.swift */; };
		2DBEF2462311B3DD00A10830 /* ExtTimeInterval.swift in Sources */ = {isa = PBXBuildFile; fileRef = 2DBEF2452311B3DD00A10830 /* ExtTimeInterval.swift */; };
		800B7F892325EA7B004643BB /* Anchorage.framework in Frameworks */ = {isa = PBXBuildFile; fileRef = 800B7F882325EA7B004643BB /* Anchorage.framework */; };
		800FD092230E27EE00A5CCA2 /* AppDelegate.swift in Sources */ = {isa = PBXBuildFile; fileRef = 800FD091230E27EE00A5CCA2 /* AppDelegate.swift */; };
		800FD094230E27EE00A5CCA2 /* ActivityOverviewVC.swift in Sources */ = {isa = PBXBuildFile; fileRef = 800FD093230E27EE00A5CCA2 /* ActivityOverviewVC.swift */; };
		800FD097230E27EE00A5CCA2 /* ActivityOverview.storyboard in Resources */ = {isa = PBXBuildFile; fileRef = 800FD095230E27EE00A5CCA2 /* ActivityOverview.storyboard */; };
		800FD09A230E27EE00A5CCA2 /* Hour.xcdatamodeld in Sources */ = {isa = PBXBuildFile; fileRef = 800FD098230E27EE00A5CCA2 /* Hour.xcdatamodeld */; };
		800FD09C230E27F100A5CCA2 /* Assets.xcassets in Resources */ = {isa = PBXBuildFile; fileRef = 800FD09B230E27F100A5CCA2 /* Assets.xcassets */; };
		800FD09F230E27F100A5CCA2 /* LaunchScreen.storyboard in Resources */ = {isa = PBXBuildFile; fileRef = 800FD09D230E27F100A5CCA2 /* LaunchScreen.storyboard */; };
		800FD0AA230E27F100A5CCA2 /* HourTests.swift in Sources */ = {isa = PBXBuildFile; fileRef = 800FD0A9230E27F100A5CCA2 /* HourTests.swift */; };
		800FD0B5230E27F100A5CCA2 /* HourUITests.swift in Sources */ = {isa = PBXBuildFile; fileRef = 800FD0B4230E27F100A5CCA2 /* HourUITests.swift */; };
		800FD0C6230E2C3600A5CCA2 /* ActivityCell.swift in Sources */ = {isa = PBXBuildFile; fileRef = 800FD0C4230E2C3600A5CCA2 /* ActivityCell.swift */; };
		800FD0C7230E2C3600A5CCA2 /* ActivityCell.xib in Resources */ = {isa = PBXBuildFile; fileRef = 800FD0C5230E2C3600A5CCA2 /* ActivityCell.xib */; };
		800FD0CA230E306600A5CCA2 /* ActivityModel.swift in Sources */ = {isa = PBXBuildFile; fileRef = 800FD0C9230E306600A5CCA2 /* ActivityModel.swift */; };
/* End PBXBuildFile section */

/* Begin PBXContainerItemProxy section */
		800FD0A6230E27F100A5CCA2 /* PBXContainerItemProxy */ = {
			isa = PBXContainerItemProxy;
			containerPortal = 800FD086230E27EE00A5CCA2 /* Project object */;
			proxyType = 1;
			remoteGlobalIDString = 800FD08D230E27EE00A5CCA2;
			remoteInfo = Hour;
		};
		800FD0B1230E27F100A5CCA2 /* PBXContainerItemProxy */ = {
			isa = PBXContainerItemProxy;
			containerPortal = 800FD086230E27EE00A5CCA2 /* Project object */;
			proxyType = 1;
			remoteGlobalIDString = 800FD08D230E27EE00A5CCA2;
			remoteInfo = Hour;
		};
/* End PBXContainerItemProxy section */

/* Begin PBXFileReference section */
		2D25A17E231330BC00DA1F5B /* FoundryGridnikBold.otf */ = {isa = PBXFileReference; lastKnownFileType = file; path = FoundryGridnikBold.otf; sourceTree = "<group>"; };
		2D25A17F231330BC00DA1F5B /* FoundryGridnik-Regular.otf */ = {isa = PBXFileReference; lastKnownFileType = file; path = "FoundryGridnik-Regular.otf"; sourceTree = "<group>"; };
		2D25A180231330BC00DA1F5B /* FoundryGridnikMedium.otf */ = {isa = PBXFileReference; lastKnownFileType = file; path = FoundryGridnikMedium.otf; sourceTree = "<group>"; };
		2D25A185231459BE00DA1F5B /* ExtUILabel.swift */ = {isa = PBXFileReference; lastKnownFileType = sourcecode.swift; path = ExtUILabel.swift; sourceTree = "<group>"; };
		2D25A18823145DC900DA1F5B /* JLog.swift */ = {isa = PBXFileReference; lastKnownFileType = sourcecode.swift; path = JLog.swift; sourceTree = "<group>"; };
		2D2A19FD2312019F00D9D2E2 /* ActivityBaseVC.swift */ = {isa = PBXFileReference; lastKnownFileType = sourcecode.swift; path = ActivityBaseVC.swift; sourceTree = "<group>"; };
		2DBEF224230F394200A10830 /* ActivityButton.swift */ = {isa = PBXFileReference; lastKnownFileType = sourcecode.swift; path = ActivityButton.swift; sourceTree = "<group>"; };
		2DBEF2372310765B00A10830 /* ColorPalette.PNG */ = {isa = PBXFileReference; lastKnownFileType = image.png; path = ColorPalette.PNG; sourceTree = "<group>"; };
		2DBEF2382310765B00A10830 /* Note.JPG */ = {isa = PBXFileReference; lastKnownFileType = image.jpeg; path = Note.JPG; sourceTree = "<group>"; };
		2DBEF23F2310805500A10830 /* PubSub.swift */ = {isa = PBXFileReference; lastKnownFileType = sourcecode.swift; path = PubSub.swift; sourceTree = "<group>"; };
		2DBEF2452311B3DD00A10830 /* ExtTimeInterval.swift */ = {isa = PBXFileReference; lastKnownFileType = sourcecode.swift; path = ExtTimeInterval.swift; sourceTree = "<group>"; };
		800B7F882325EA7B004643BB /* Anchorage.framework */ = {isa = PBXFileReference; lastKnownFileType = wrapper.framework; name = Anchorage.framework; path = Carthage/Build/iOS/Anchorage.framework; sourceTree = "<group>"; };
		800FD08E230E27EE00A5CCA2 /* Hour.app */ = {isa = PBXFileReference; explicitFileType = wrapper.application; includeInIndex = 0; path = Hour.app; sourceTree = BUILT_PRODUCTS_DIR; };
		800FD091230E27EE00A5CCA2 /* AppDelegate.swift */ = {isa = PBXFileReference; lastKnownFileType = sourcecode.swift; path = AppDelegate.swift; sourceTree = "<group>"; };
		800FD093230E27EE00A5CCA2 /* ActivityOverviewVC.swift */ = {isa = PBXFileReference; lastKnownFileType = sourcecode.swift; path = ActivityOverviewVC.swift; sourceTree = "<group>"; };
		800FD096230E27EE00A5CCA2 /* Base */ = {isa = PBXFileReference; lastKnownFileType = file.storyboard; name = Base; path = Base.lproj/ActivityOverview.storyboard; sourceTree = "<group>"; };
		800FD099230E27EE00A5CCA2 /* Hour.xcdatamodel */ = {isa = PBXFileReference; lastKnownFileType = wrapper.xcdatamodel; path = Hour.xcdatamodel; sourceTree = "<group>"; };
		800FD09B230E27F100A5CCA2 /* Assets.xcassets */ = {isa = PBXFileReference; lastKnownFileType = folder.assetcatalog; path = Assets.xcassets; sourceTree = "<group>"; };
		800FD09E230E27F100A5CCA2 /* Base */ = {isa = PBXFileReference; lastKnownFileType = file.storyboard; name = Base; path = Base.lproj/LaunchScreen.storyboard; sourceTree = "<group>"; };
		800FD0A0230E27F100A5CCA2 /* Info.plist */ = {isa = PBXFileReference; lastKnownFileType = text.plist.xml; path = Info.plist; sourceTree = "<group>"; };
		800FD0A5230E27F100A5CCA2 /* HourTests.xctest */ = {isa = PBXFileReference; explicitFileType = wrapper.cfbundle; includeInIndex = 0; path = HourTests.xctest; sourceTree = BUILT_PRODUCTS_DIR; };
		800FD0A9230E27F100A5CCA2 /* HourTests.swift */ = {isa = PBXFileReference; lastKnownFileType = sourcecode.swift; path = HourTests.swift; sourceTree = "<group>"; };
		800FD0AB230E27F100A5CCA2 /* Info.plist */ = {isa = PBXFileReference; lastKnownFileType = text.plist.xml; path = Info.plist; sourceTree = "<group>"; };
		800FD0B0230E27F100A5CCA2 /* HourUITests.xctest */ = {isa = PBXFileReference; explicitFileType = wrapper.cfbundle; includeInIndex = 0; path = HourUITests.xctest; sourceTree = BUILT_PRODUCTS_DIR; };
		800FD0B4230E27F100A5CCA2 /* HourUITests.swift */ = {isa = PBXFileReference; lastKnownFileType = sourcecode.swift; path = HourUITests.swift; sourceTree = "<group>"; };
		800FD0B6230E27F100A5CCA2 /* Info.plist */ = {isa = PBXFileReference; lastKnownFileType = text.plist.xml; path = Info.plist; sourceTree = "<group>"; };
		800FD0C4230E2C3600A5CCA2 /* ActivityCell.swift */ = {isa = PBXFileReference; lastKnownFileType = sourcecode.swift; path = ActivityCell.swift; sourceTree = "<group>"; };
		800FD0C5230E2C3600A5CCA2 /* ActivityCell.xib */ = {isa = PBXFileReference; lastKnownFileType = file.xib; path = ActivityCell.xib; sourceTree = "<group>"; };
		800FD0C9230E306600A5CCA2 /* ActivityModel.swift */ = {isa = PBXFileReference; lastKnownFileType = sourcecode.swift; path = ActivityModel.swift; sourceTree = "<group>"; };
/* End PBXFileReference section */

/* Begin PBXFrameworksBuildPhase section */
		800FD08B230E27EE00A5CCA2 /* Frameworks */ = {
			isa = PBXFrameworksBuildPhase;
			buildActionMask = 2147483647;
			files = (
				800B7F892325EA7B004643BB /* Anchorage.framework in Frameworks */,
			);
			runOnlyForDeploymentPostprocessing = 0;
		};
		800FD0A2230E27F100A5CCA2 /* Frameworks */ = {
			isa = PBXFrameworksBuildPhase;
			buildActionMask = 2147483647;
			files = (
			);
			runOnlyForDeploymentPostprocessing = 0;
		};
		800FD0AD230E27F100A5CCA2 /* Frameworks */ = {
			isa = PBXFrameworksBuildPhase;
			buildActionMask = 2147483647;
			files = (
			);
			runOnlyForDeploymentPostprocessing = 0;
		};
/* End PBXFrameworksBuildPhase section */

/* Begin PBXGroup section */
		2D25A17D231330B000DA1F5B /* Font */ = {
			isa = PBXGroup;
			children = (
				2D25A17F231330BC00DA1F5B /* FoundryGridnik-Regular.otf */,
				2D25A17E231330BC00DA1F5B /* FoundryGridnikBold.otf */,
				2D25A180231330BC00DA1F5B /* FoundryGridnikMedium.otf */,
			);
			path = Font;
			sourceTree = "<group>";
		};
		2D25A1842314599600DA1F5B /* Extensions */ = {
			isa = PBXGroup;
			children = (
				2DBEF2452311B3DD00A10830 /* ExtTimeInterval.swift */,
				2D25A185231459BE00DA1F5B /* ExtUILabel.swift */,
			);
			path = Extensions;
			sourceTree = "<group>";
		};
		2D2A19FF2312026000D9D2E2 /* Activity */ = {
			isa = PBXGroup;
			children = (
				2D25A1842314599600DA1F5B /* Extensions */,
				800FD0C2230E2BD400A5CCA2 /* Cell */,
				800FD093230E27EE00A5CCA2 /* ActivityOverviewVC.swift */,
				800FD095230E27EE00A5CCA2 /* ActivityOverview.storyboard */,
			);
			path = Activity;
			sourceTree = "<group>";
		};
		2DBEF222230F390200A10830 /* UI */ = {
			isa = PBXGroup;
			children = (
				2DBEF224230F394200A10830 /* ActivityButton.swift */,
			);
			path = UI;
			sourceTree = "<group>";
		};
		2DBEF2352310727000A10830 /* Resources */ = {
			isa = PBXGroup;
			children = (
				2DBEF2382310765B00A10830 /* Note.JPG */,
				2DBEF2372310765B00A10830 /* ColorPalette.PNG */,
			);
			path = Resources;
			sourceTree = "<group>";
		};
		2DBEF23D23107FD200A10830 /* Utility */ = {
			isa = PBXGroup;
			children = (
				2DBEF23E23107FDF00A10830 /* PubSub */,
				2D2A19FD2312019F00D9D2E2 /* ActivityBaseVC.swift */,
				2D25A18823145DC900DA1F5B /* JLog.swift */,
			);
			path = Utility;
			sourceTree = "<group>";
		};
		2DBEF23E23107FDF00A10830 /* PubSub */ = {
			isa = PBXGroup;
			children = (
				2DBEF23F2310805500A10830 /* PubSub.swift */,
			);
			path = PubSub;
			sourceTree = "<group>";
		};
		800B7F872325EA7A004643BB /* Frameworks */ = {
			isa = PBXGroup;
			children = (
				800B7F882325EA7B004643BB /* Anchorage.framework */,
			);
			name = Frameworks;
			sourceTree = "<group>";
		};
		800FD085230E27EE00A5CCA2 = {
			isa = PBXGroup;
			children = (
				800FD090230E27EE00A5CCA2 /* Hour */,
				800FD0A8230E27F100A5CCA2 /* HourTests */,
				800FD0B3230E27F100A5CCA2 /* HourUITests */,
				800FD08F230E27EE00A5CCA2 /* Products */,
				800B7F872325EA7A004643BB /* Frameworks */,
			);
			sourceTree = "<group>";
		};
		800FD08F230E27EE00A5CCA2 /* Products */ = {
			isa = PBXGroup;
			children = (
				800FD08E230E27EE00A5CCA2 /* Hour.app */,
				800FD0A5230E27F100A5CCA2 /* HourTests.xctest */,
				800FD0B0230E27F100A5CCA2 /* HourUITests.xctest */,
			);
			name = Products;
			sourceTree = "<group>";
		};
		800FD090230E27EE00A5CCA2 /* Hour */ = {
			isa = PBXGroup;
			children = (
				2D25A17D231330B000DA1F5B /* Font */,
				2D2A19FF2312026000D9D2E2 /* Activity */,
				2DBEF23D23107FD200A10830 /* Utility */,
				2DBEF2352310727000A10830 /* Resources */,
				2DBEF222230F390200A10830 /* UI */,
				800FD0C8230E304400A5CCA2 /* Model */,
				800FD091230E27EE00A5CCA2 /* AppDelegate.swift */,
				800FD09B230E27F100A5CCA2 /* Assets.xcassets */,
				800FD09D230E27F100A5CCA2 /* LaunchScreen.storyboard */,
				800FD0A0230E27F100A5CCA2 /* Info.plist */,
				800FD098230E27EE00A5CCA2 /* Hour.xcdatamodeld */,
			);
			path = Hour;
			sourceTree = "<group>";
		};
		800FD0A8230E27F100A5CCA2 /* HourTests */ = {
			isa = PBXGroup;
			children = (
				800FD0A9230E27F100A5CCA2 /* HourTests.swift */,
				800FD0AB230E27F100A5CCA2 /* Info.plist */,
			);
			path = HourTests;
			sourceTree = "<group>";
		};
		800FD0B3230E27F100A5CCA2 /* HourUITests */ = {
			isa = PBXGroup;
			children = (
				800FD0B4230E27F100A5CCA2 /* HourUITests.swift */,
				800FD0B6230E27F100A5CCA2 /* Info.plist */,
			);
			path = HourUITests;
			sourceTree = "<group>";
		};
		800FD0C2230E2BD400A5CCA2 /* Cell */ = {
			isa = PBXGroup;
			children = (
				800FD0C4230E2C3600A5CCA2 /* ActivityCell.swift */,
				800FD0C5230E2C3600A5CCA2 /* ActivityCell.xib */,
			);
			path = Cell;
			sourceTree = "<group>";
		};
		800FD0C8230E304400A5CCA2 /* Model */ = {
			isa = PBXGroup;
			children = (
				800FD0C9230E306600A5CCA2 /* ActivityModel.swift */,
			);
			path = Model;
			sourceTree = "<group>";
		};
/* End PBXGroup section */

/* Begin PBXNativeTarget section */
		800FD08D230E27EE00A5CCA2 /* Hour */ = {
			isa = PBXNativeTarget;
			buildConfigurationList = 800FD0B9230E27F100A5CCA2 /* Build configuration list for PBXNativeTarget "Hour" */;
			buildPhases = (
				800FD08A230E27EE00A5CCA2 /* Sources */,
				800FD08B230E27EE00A5CCA2 /* Frameworks */,
				800FD08C230E27EE00A5CCA2 /* Resources */,
				800B7F8A2325EA8A004643BB /* Carthage */,
			);
			buildRules = (
			);
			dependencies = (
			);
			name = Hour;
			productName = Hour;
			productReference = 800FD08E230E27EE00A5CCA2 /* Hour.app */;
			productType = "com.apple.product-type.application";
		};
		800FD0A4230E27F100A5CCA2 /* HourTests */ = {
			isa = PBXNativeTarget;
			buildConfigurationList = 800FD0BC230E27F100A5CCA2 /* Build configuration list for PBXNativeTarget "HourTests" */;
			buildPhases = (
				800FD0A1230E27F100A5CCA2 /* Sources */,
				800FD0A2230E27F100A5CCA2 /* Frameworks */,
				800FD0A3230E27F100A5CCA2 /* Resources */,
			);
			buildRules = (
			);
			dependencies = (
				800FD0A7230E27F100A5CCA2 /* PBXTargetDependency */,
			);
			name = HourTests;
			productName = HourTests;
			productReference = 800FD0A5230E27F100A5CCA2 /* HourTests.xctest */;
			productType = "com.apple.product-type.bundle.unit-test";
		};
		800FD0AF230E27F100A5CCA2 /* HourUITests */ = {
			isa = PBXNativeTarget;
			buildConfigurationList = 800FD0BF230E27F100A5CCA2 /* Build configuration list for PBXNativeTarget "HourUITests" */;
			buildPhases = (
				800FD0AC230E27F100A5CCA2 /* Sources */,
				800FD0AD230E27F100A5CCA2 /* Frameworks */,
				800FD0AE230E27F100A5CCA2 /* Resources */,
			);
			buildRules = (
			);
			dependencies = (
				800FD0B2230E27F100A5CCA2 /* PBXTargetDependency */,
			);
			name = HourUITests;
			productName = HourUITests;
			productReference = 800FD0B0230E27F100A5CCA2 /* HourUITests.xctest */;
			productType = "com.apple.product-type.bundle.ui-testing";
		};
/* End PBXNativeTarget section */

/* Begin PBXProject section */
		800FD086230E27EE00A5CCA2 /* Project object */ = {
			isa = PBXProject;
			attributes = {
				LastSwiftUpdateCheck = 1020;
				LastUpgradeCheck = 1020;
				ORGANIZATIONNAME = Jackalope;
				TargetAttributes = {
					800FD08D230E27EE00A5CCA2 = {
						CreatedOnToolsVersion = 10.2.1;
					};
					800FD0A4230E27F100A5CCA2 = {
						CreatedOnToolsVersion = 10.2.1;
						TestTargetID = 800FD08D230E27EE00A5CCA2;
					};
					800FD0AF230E27F100A5CCA2 = {
						CreatedOnToolsVersion = 10.2.1;
						TestTargetID = 800FD08D230E27EE00A5CCA2;
					};
				};
			};
			buildConfigurationList = 800FD089230E27EE00A5CCA2 /* Build configuration list for PBXProject "Hour" */;
			compatibilityVersion = "Xcode 9.3";
			developmentRegion = en;
			hasScannedForEncodings = 0;
			knownRegions = (
				en,
				Base,
			);
			mainGroup = 800FD085230E27EE00A5CCA2;
			productRefGroup = 800FD08F230E27EE00A5CCA2 /* Products */;
			projectDirPath = "";
			projectRoot = "";
			targets = (
				800FD08D230E27EE00A5CCA2 /* Hour */,
				800FD0A4230E27F100A5CCA2 /* HourTests */,
				800FD0AF230E27F100A5CCA2 /* HourUITests */,
			);
		};
/* End PBXProject section */

/* Begin PBXResourcesBuildPhase section */
		800FD08C230E27EE00A5CCA2 /* Resources */ = {
			isa = PBXResourcesBuildPhase;
			buildActionMask = 2147483647;
			files = (
				800FD09F230E27F100A5CCA2 /* LaunchScreen.storyboard in Resources */,
				800FD09C230E27F100A5CCA2 /* Assets.xcassets in Resources */,
				2D25A183231330BC00DA1F5B /* FoundryGridnikMedium.otf in Resources */,
				800FD0C7230E2C3600A5CCA2 /* ActivityCell.xib in Resources */,
				2DBEF23A2310765B00A10830 /* ColorPalette.PNG in Resources */,
				800FD097230E27EE00A5CCA2 /* ActivityOverview.storyboard in Resources */,
				2DBEF23B2310765B00A10830 /* Note.JPG in Resources */,
				2D25A181231330BC00DA1F5B /* FoundryGridnikBold.otf in Resources */,
				2D25A182231330BC00DA1F5B /* FoundryGridnik-Regular.otf in Resources */,
			);
			runOnlyForDeploymentPostprocessing = 0;
		};
		800FD0A3230E27F100A5CCA2 /* Resources */ = {
			isa = PBXResourcesBuildPhase;
			buildActionMask = 2147483647;
			files = (
			);
			runOnlyForDeploymentPostprocessing = 0;
		};
		800FD0AE230E27F100A5CCA2 /* Resources */ = {
			isa = PBXResourcesBuildPhase;
			buildActionMask = 2147483647;
			files = (
			);
			runOnlyForDeploymentPostprocessing = 0;
		};
/* End PBXResourcesBuildPhase section */

/* Begin PBXShellScriptBuildPhase section */
		800B7F8A2325EA8A004643BB /* Carthage */ = {
			isa = PBXShellScriptBuildPhase;
			buildActionMask = 2147483647;
			files = (
			);
			inputFileListPaths = (
				"$(SRCROOT)/input.xcfilelist",
			);
			inputPaths = (
			);
			name = Carthage;
			outputFileListPaths = (
				"$(SRCROOT)/output.xcfilelist",
			);
			outputPaths = (
			);
			runOnlyForDeploymentPostprocessing = 0;
			shellPath = /bin/sh;
			shellScript = "/usr/local/bin/carthage copy-frameworks\n";
		};
/* End PBXShellScriptBuildPhase section */

/* Begin PBXSourcesBuildPhase section */
		800FD08A230E27EE00A5CCA2 /* Sources */ = {
			isa = PBXSourcesBuildPhase;
			buildActionMask = 2147483647;
			files = (
				800FD0CA230E306600A5CCA2 /* ActivityModel.swift in Sources */,
				2D2A19FE2312019F00D9D2E2 /* ActivityBaseVC.swift in Sources */,
				800FD094230E27EE00A5CCA2 /* ActivityOverviewVC.swift in Sources */,
				2DBEF225230F394200A10830 /* ActivityButton.swift in Sources */,
				2D25A186231459BE00DA1F5B /* ExtUILabel.swift in Sources */,
				2DBEF2402310805500A10830 /* PubSub.swift in Sources */,
				800FD09A230E27EE00A5CCA2 /* Hour.xcdatamodeld in Sources */,
				2DBEF2462311B3DD00A10830 /* ExtTimeInterval.swift in Sources */,
				800FD0C6230E2C3600A5CCA2 /* ActivityCell.swift in Sources */,
				2D25A18923145DC900DA1F5B /* JLog.swift in Sources */,
				800FD092230E27EE00A5CCA2 /* AppDelegate.swift in Sources */,
			);
			runOnlyForDeploymentPostprocessing = 0;
		};
		800FD0A1230E27F100A5CCA2 /* Sources */ = {
			isa = PBXSourcesBuildPhase;
			buildActionMask = 2147483647;
			files = (
				800FD0AA230E27F100A5CCA2 /* HourTests.swift in Sources */,
			);
			runOnlyForDeploymentPostprocessing = 0;
		};
		800FD0AC230E27F100A5CCA2 /* Sources */ = {
			isa = PBXSourcesBuildPhase;
			buildActionMask = 2147483647;
			files = (
				800FD0B5230E27F100A5CCA2 /* HourUITests.swift in Sources */,
			);
			runOnlyForDeploymentPostprocessing = 0;
		};
/* End PBXSourcesBuildPhase section */

/* Begin PBXTargetDependency section */
		800FD0A7230E27F100A5CCA2 /* PBXTargetDependency */ = {
			isa = PBXTargetDependency;
			target = 800FD08D230E27EE00A5CCA2 /* Hour */;
			targetProxy = 800FD0A6230E27F100A5CCA2 /* PBXContainerItemProxy */;
		};
		800FD0B2230E27F100A5CCA2 /* PBXTargetDependency */ = {
			isa = PBXTargetDependency;
			target = 800FD08D230E27EE00A5CCA2 /* Hour */;
			targetProxy = 800FD0B1230E27F100A5CCA2 /* PBXContainerItemProxy */;
		};
/* End PBXTargetDependency section */

/* Begin PBXVariantGroup section */
		800FD095230E27EE00A5CCA2 /* ActivityOverview.storyboard */ = {
			isa = PBXVariantGroup;
			children = (
				800FD096230E27EE00A5CCA2 /* Base */,
			);
			name = ActivityOverview.storyboard;
			sourceTree = "<group>";
		};
		800FD09D230E27F100A5CCA2 /* LaunchScreen.storyboard */ = {
			isa = PBXVariantGroup;
			children = (
				800FD09E230E27F100A5CCA2 /* Base */,
			);
			name = LaunchScreen.storyboard;
			sourceTree = "<group>";
		};
/* End PBXVariantGroup section */

/* Begin XCBuildConfiguration section */
		800FD0B7230E27F100A5CCA2 /* Debug */ = {
			isa = XCBuildConfiguration;
			buildSettings = {
				ALWAYS_SEARCH_USER_PATHS = NO;
				CLANG_ANALYZER_NONNULL = YES;
				CLANG_ANALYZER_NUMBER_OBJECT_CONVERSION = YES_AGGRESSIVE;
				CLANG_CXX_LANGUAGE_STANDARD = "gnu++14";
				CLANG_CXX_LIBRARY = "libc++";
				CLANG_ENABLE_MODULES = YES;
				CLANG_ENABLE_OBJC_ARC = YES;
				CLANG_ENABLE_OBJC_WEAK = YES;
				CLANG_WARN_BLOCK_CAPTURE_AUTORELEASING = YES;
				CLANG_WARN_BOOL_CONVERSION = YES;
				CLANG_WARN_COMMA = YES;
				CLANG_WARN_CONSTANT_CONVERSION = YES;
				CLANG_WARN_DEPRECATED_OBJC_IMPLEMENTATIONS = YES;
				CLANG_WARN_DIRECT_OBJC_ISA_USAGE = YES_ERROR;
				CLANG_WARN_DOCUMENTATION_COMMENTS = YES;
				CLANG_WARN_EMPTY_BODY = YES;
				CLANG_WARN_ENUM_CONVERSION = YES;
				CLANG_WARN_INFINITE_RECURSION = YES;
				CLANG_WARN_INT_CONVERSION = YES;
				CLANG_WARN_NON_LITERAL_NULL_CONVERSION = YES;
				CLANG_WARN_OBJC_IMPLICIT_RETAIN_SELF = YES;
				CLANG_WARN_OBJC_LITERAL_CONVERSION = YES;
				CLANG_WARN_OBJC_ROOT_CLASS = YES_ERROR;
				CLANG_WARN_RANGE_LOOP_ANALYSIS = YES;
				CLANG_WARN_STRICT_PROTOTYPES = YES;
				CLANG_WARN_SUSPICIOUS_MOVE = YES;
				CLANG_WARN_UNGUARDED_AVAILABILITY = YES_AGGRESSIVE;
				CLANG_WARN_UNREACHABLE_CODE = YES;
				CLANG_WARN__DUPLICATE_METHOD_MATCH = YES;
				CODE_SIGN_IDENTITY = "iPhone Developer";
				COPY_PHASE_STRIP = NO;
				DEBUG_INFORMATION_FORMAT = dwarf;
				ENABLE_STRICT_OBJC_MSGSEND = YES;
				ENABLE_TESTABILITY = YES;
				GCC_C_LANGUAGE_STANDARD = gnu11;
				GCC_DYNAMIC_NO_PIC = NO;
				GCC_NO_COMMON_BLOCKS = YES;
				GCC_OPTIMIZATION_LEVEL = 0;
				GCC_PREPROCESSOR_DEFINITIONS = (
					"DEBUG=1",
					"$(inherited)",
				);
				GCC_WARN_64_TO_32_BIT_CONVERSION = YES;
				GCC_WARN_ABOUT_RETURN_TYPE = YES_ERROR;
				GCC_WARN_UNDECLARED_SELECTOR = YES;
				GCC_WARN_UNINITIALIZED_AUTOS = YES_AGGRESSIVE;
				GCC_WARN_UNUSED_FUNCTION = YES;
				GCC_WARN_UNUSED_VARIABLE = YES;
				IPHONEOS_DEPLOYMENT_TARGET = 12.0;
				MTL_ENABLE_DEBUG_INFO = INCLUDE_SOURCE;
				MTL_FAST_MATH = YES;
				ONLY_ACTIVE_ARCH = YES;
				SDKROOT = iphoneos;
				SWIFT_ACTIVE_COMPILATION_CONDITIONS = DEBUG;
				SWIFT_OPTIMIZATION_LEVEL = "-Onone";
			};
			name = Debug;
		};
		800FD0B8230E27F100A5CCA2 /* Release */ = {
			isa = XCBuildConfiguration;
			buildSettings = {
				ALWAYS_SEARCH_USER_PATHS = NO;
				CLANG_ANALYZER_NONNULL = YES;
				CLANG_ANALYZER_NUMBER_OBJECT_CONVERSION = YES_AGGRESSIVE;
				CLANG_CXX_LANGUAGE_STANDARD = "gnu++14";
				CLANG_CXX_LIBRARY = "libc++";
				CLANG_ENABLE_MODULES = YES;
				CLANG_ENABLE_OBJC_ARC = YES;
				CLANG_ENABLE_OBJC_WEAK = YES;
				CLANG_WARN_BLOCK_CAPTURE_AUTORELEASING = YES;
				CLANG_WARN_BOOL_CONVERSION = YES;
				CLANG_WARN_COMMA = YES;
				CLANG_WARN_CONSTANT_CONVERSION = YES;
				CLANG_WARN_DEPRECATED_OBJC_IMPLEMENTATIONS = YES;
				CLANG_WARN_DIRECT_OBJC_ISA_USAGE = YES_ERROR;
				CLANG_WARN_DOCUMENTATION_COMMENTS = YES;
				CLANG_WARN_EMPTY_BODY = YES;
				CLANG_WARN_ENUM_CONVERSION = YES;
				CLANG_WARN_INFINITE_RECURSION = YES;
				CLANG_WARN_INT_CONVERSION = YES;
				CLANG_WARN_NON_LITERAL_NULL_CONVERSION = YES;
				CLANG_WARN_OBJC_IMPLICIT_RETAIN_SELF = YES;
				CLANG_WARN_OBJC_LITERAL_CONVERSION = YES;
				CLANG_WARN_OBJC_ROOT_CLASS = YES_ERROR;
				CLANG_WARN_RANGE_LOOP_ANALYSIS = YES;
				CLANG_WARN_STRICT_PROTOTYPES = YES;
				CLANG_WARN_SUSPICIOUS_MOVE = YES;
				CLANG_WARN_UNGUARDED_AVAILABILITY = YES_AGGRESSIVE;
				CLANG_WARN_UNREACHABLE_CODE = YES;
				CLANG_WARN__DUPLICATE_METHOD_MATCH = YES;
				CODE_SIGN_IDENTITY = "iPhone Developer";
				COPY_PHASE_STRIP = NO;
				DEBUG_INFORMATION_FORMAT = "dwarf-with-dsym";
				ENABLE_NS_ASSERTIONS = NO;
				ENABLE_STRICT_OBJC_MSGSEND = YES;
				GCC_C_LANGUAGE_STANDARD = gnu11;
				GCC_NO_COMMON_BLOCKS = YES;
				GCC_WARN_64_TO_32_BIT_CONVERSION = YES;
				GCC_WARN_ABOUT_RETURN_TYPE = YES_ERROR;
				GCC_WARN_UNDECLARED_SELECTOR = YES;
				GCC_WARN_UNINITIALIZED_AUTOS = YES_AGGRESSIVE;
				GCC_WARN_UNUSED_FUNCTION = YES;
				GCC_WARN_UNUSED_VARIABLE = YES;
				IPHONEOS_DEPLOYMENT_TARGET = 12.0;
				MTL_ENABLE_DEBUG_INFO = NO;
				MTL_FAST_MATH = YES;
				SDKROOT = iphoneos;
				SWIFT_COMPILATION_MODE = wholemodule;
				SWIFT_OPTIMIZATION_LEVEL = "-O";
				VALIDATE_PRODUCT = YES;
			};
			name = Release;
		};
		800FD0BA230E27F100A5CCA2 /* Debug */ = {
			isa = XCBuildConfiguration;
			buildSettings = {
				ASSETCATALOG_COMPILER_APPICON_NAME = AppIcon;
				CODE_SIGN_STYLE = Automatic;
				DEVELOPMENT_TEAM = A3GHL87D55;
				FRAMEWORK_SEARCH_PATHS = (
					"$(inherited)",
					"$(PROJECT_DIR)/Carthage/Build/iOS",
				);
				INFOPLIST_FILE = Hour/Info.plist;
				LD_RUNPATH_SEARCH_PATHS = (
					"$(inherited)",
					"@executable_path/Frameworks",
				);
				PRODUCT_BUNDLE_IDENTIFIER = com.Jackalope..Hour;
				PRODUCT_NAME = "$(TARGET_NAME)";
				SWIFT_VERSION = 5.0;
				TARGETED_DEVICE_FAMILY = "1,2";
			};
			name = Debug;
		};
		800FD0BB230E27F100A5CCA2 /* Release */ = {
			isa = XCBuildConfiguration;
			buildSettings = {
				ASSETCATALOG_COMPILER_APPICON_NAME = AppIcon;
				CODE_SIGN_STYLE = Automatic;
				DEVELOPMENT_TEAM = A3GHL87D55;
				FRAMEWORK_SEARCH_PATHS = (
					"$(inherited)",
					"$(PROJECT_DIR)/Carthage/Build/iOS",
				);
				INFOPLIST_FILE = Hour/Info.plist;
				LD_RUNPATH_SEARCH_PATHS = (
					"$(inherited)",
					"@executable_path/Frameworks",
				);
				PRODUCT_BUNDLE_IDENTIFIER = com.Jackalope..Hour;
				PRODUCT_NAME = "$(TARGET_NAME)";
				SWIFT_VERSION = 5.0;
				TARGETED_DEVICE_FAMILY = "1,2";
			};
			name = Release;
		};
		800FD0BD230E27F100A5CCA2 /* Debug */ = {
			isa = XCBuildConfiguration;
			buildSettings = {
				ALWAYS_EMBED_SWIFT_STANDARD_LIBRARIES = YES;
				BUNDLE_LOADER = "$(TEST_HOST)";
				CODE_SIGN_STYLE = Automatic;
				DEVELOPMENT_TEAM = 6VAQ3TTJGF;
				INFOPLIST_FILE = HourTests/Info.plist;
				LD_RUNPATH_SEARCH_PATHS = (
					"$(inherited)",
					"@executable_path/Frameworks",
					"@loader_path/Frameworks",
				);
				PRODUCT_BUNDLE_IDENTIFIER = com.Jackalope..HourTests;
				PRODUCT_NAME = "$(TARGET_NAME)";
				SWIFT_VERSION = 5.0;
				TARGETED_DEVICE_FAMILY = "1,2";
				TEST_HOST = "$(BUILT_PRODUCTS_DIR)/Hour.app/Hour";
			};
			name = Debug;
		};
		800FD0BE230E27F100A5CCA2 /* Release */ = {
			isa = XCBuildConfiguration;
			buildSettings = {
				ALWAYS_EMBED_SWIFT_STANDARD_LIBRARIES = YES;
				BUNDLE_LOADER = "$(TEST_HOST)";
				CODE_SIGN_STYLE = Automatic;
				DEVELOPMENT_TEAM = 6VAQ3TTJGF;
				INFOPLIST_FILE = HourTests/Info.plist;
				LD_RUNPATH_SEARCH_PATHS = (
					"$(inherited)",
					"@executable_path/Frameworks",
					"@loader_path/Frameworks",
				);
				PRODUCT_BUNDLE_IDENTIFIER = com.Jackalope..HourTests;
				PRODUCT_NAME = "$(TARGET_NAME)";
				SWIFT_VERSION = 5.0;
				TARGETED_DEVICE_FAMILY = "1,2";
				TEST_HOST = "$(BUILT_PRODUCTS_DIR)/Hour.app/Hour";
			};
			name = Release;
		};
		800FD0C0230E27F100A5CCA2 /* Debug */ = {
			isa = XCBuildConfiguration;
			buildSettings = {
				ALWAYS_EMBED_SWIFT_STANDARD_LIBRARIES = YES;
				CODE_SIGN_STYLE = Automatic;
				DEVELOPMENT_TEAM = 6VAQ3TTJGF;
				INFOPLIST_FILE = HourUITests/Info.plist;
				LD_RUNPATH_SEARCH_PATHS = (
					"$(inherited)",
					"@executable_path/Frameworks",
					"@loader_path/Frameworks",
				);
				PRODUCT_BUNDLE_IDENTIFIER = com.Jackalope..HourUITests;
				PRODUCT_NAME = "$(TARGET_NAME)";
				SWIFT_VERSION = 5.0;
				TARGETED_DEVICE_FAMILY = "1,2";
				TEST_TARGET_NAME = Hour;
			};
			name = Debug;
		};
		800FD0C1230E27F100A5CCA2 /* Release */ = {
			isa = XCBuildConfiguration;
			buildSettings = {
				ALWAYS_EMBED_SWIFT_STANDARD_LIBRARIES = YES;
				CODE_SIGN_STYLE = Automatic;
				DEVELOPMENT_TEAM = 6VAQ3TTJGF;
				INFOPLIST_FILE = HourUITests/Info.plist;
				LD_RUNPATH_SEARCH_PATHS = (
					"$(inherited)",
					"@executable_path/Frameworks",
					"@loader_path/Frameworks",
				);
				PRODUCT_BUNDLE_IDENTIFIER = com.Jackalope..HourUITests;
				PRODUCT_NAME = "$(TARGET_NAME)";
				SWIFT_VERSION = 5.0;
				TARGETED_DEVICE_FAMILY = "1,2";
				TEST_TARGET_NAME = Hour;
			};
			name = Release;
		};
/* End XCBuildConfiguration section */

/* Begin XCConfigurationList section */
		800FD089230E27EE00A5CCA2 /* Build configuration list for PBXProject "Hour" */ = {
			isa = XCConfigurationList;
			buildConfigurations = (
				800FD0B7230E27F100A5CCA2 /* Debug */,
				800FD0B8230E27F100A5CCA2 /* Release */,
			);
			defaultConfigurationIsVisible = 0;
			defaultConfigurationName = Release;
		};
		800FD0B9230E27F100A5CCA2 /* Build configuration list for PBXNativeTarget "Hour" */ = {
			isa = XCConfigurationList;
			buildConfigurations = (
				800FD0BA230E27F100A5CCA2 /* Debug */,
				800FD0BB230E27F100A5CCA2 /* Release */,
			);
			defaultConfigurationIsVisible = 0;
			defaultConfigurationName = Release;
		};
		800FD0BC230E27F100A5CCA2 /* Build configuration list for PBXNativeTarget "HourTests" */ = {
			isa = XCConfigurationList;
			buildConfigurations = (
				800FD0BD230E27F100A5CCA2 /* Debug */,
				800FD0BE230E27F100A5CCA2 /* Release */,
			);
			defaultConfigurationIsVisible = 0;
			defaultConfigurationName = Release;
		};
		800FD0BF230E27F100A5CCA2 /* Build configuration list for PBXNativeTarget "HourUITests" */ = {
			isa = XCConfigurationList;
			buildConfigurations = (
				800FD0C0230E27F100A5CCA2 /* Debug */,
				800FD0C1230E27F100A5CCA2 /* Release */,
			);
			defaultConfigurationIsVisible = 0;
			defaultConfigurationName = Release;
		};
/* End XCConfigurationList section */

/* Begin XCVersionGroup section */
		800FD098230E27EE00A5CCA2 /* Hour.xcdatamodeld */ = {
			isa = XCVersionGroup;
			children = (
				800FD099230E27EE00A5CCA2 /* Hour.xcdatamodel */,
			);
			currentVersion = 800FD099230E27EE00A5CCA2 /* Hour.xcdatamodel */;
			path = Hour.xcdatamodeld;
			sourceTree = "<group>";
			versionGroupType = wrapper.xcdatamodel;
		};
/* End XCVersionGroup section */
	};
	rootObject = 800FD086230E27EE00A5CCA2 /* Project object */;
}
